
Microsoft Visual Studio Solution File, Format Version 12.00
# Visual Studio 15
VisualStudioVersion = 15.0.28010.2041
MinimumVisualStudioVersion = 10.0.40219.1
Project("{9A19103F-16F7-4668-BE54-9A1E7A4F7556}") = "TwistedGames.Core", "src\TwistedGames.Core\TwistedGames.Core.csproj", "{8775E2F6-4A75-4876-80A4-3DE857C377F8}"
EndProject
Project("{9A19103F-16F7-4668-BE54-9A1E7A4F7556}") = "TwistedGames", "src\TwistedGames\TwistedGames.csproj", "{FEF82E7E-B8CA-4FB3-8A9A-0A3F48C5B906}"
EndProject
Project("{9A19103F-16F7-4668-BE54-9A1E7A4F7556}") = "TwistedGames.Core.UnitTests", "tests\TwistedGames.Core.UnitTests\TwistedGames.Core.UnitTests.csproj", "{7A19396F-6C6F-4954-AE54-1637D6931501}"
EndProject
Global
	GlobalSection(SolutionConfigurationPlatforms) = preSolution
		Debug|Any CPU = Debug|Any CPU
		Release|Any CPU = Release|Any CPU
	EndGlobalSection
	GlobalSection(ProjectConfigurationPlatforms) = postSolution
		{8775E2F6-4A75-4876-80A4-3DE857C377F8}.Debug|Any CPU.ActiveCfg = Debug|Any CPU
		{8775E2F6-4A75-4876-80A4-3DE857C377F8}.Debug|Any CPU.Build.0 = Debug|Any CPU
		{8775E2F6-4A75-4876-80A4-3DE857C377F8}.Release|Any CPU.ActiveCfg = Release|Any CPU
		{8775E2F6-4A75-4876-80A4-3DE857C377F8}.Release|Any CPU.Build.0 = Release|Any CPU
		{FEF82E7E-B8CA-4FB3-8A9A-0A3F48C5B906}.Debug|Any CPU.ActiveCfg = Debug|Any CPU
		{FEF82E7E-B8CA-4FB3-8A9A-0A3F48C5B906}.Debug|Any CPU.Build.0 = Debug|Any CPU
		{FEF82E7E-B8CA-4FB3-8A9A-0A3F48C5B906}.Release|Any CPU.ActiveCfg = Release|Any CPU
		{FEF82E7E-B8CA-4FB3-8A9A-0A3F48C5B906}.Release|Any CPU.Build.0 = Release|Any CPU
		{7A19396F-6C6F-4954-AE54-1637D6931501}.Debug|Any CPU.ActiveCfg = Debug|Any CPU
		{7A19396F-6C6F-4954-AE54-1637D6931501}.Debug|Any CPU.Build.0 = Debug|Any CPU
		{7A19396F-6C6F-4954-AE54-1637D6931501}.Release|Any CPU.ActiveCfg = Release|Any CPU
		{7A19396F-6C6F-4954-AE54-1637D6931501}.Release|Any CPU.Build.0 = Release|Any CPU
	EndGlobalSection
	GlobalSection(SolutionProperties) = preSolution
		HideSolutionNode = FALSE
	EndGlobalSection
	GlobalSection(ExtensibilityGlobals) = postSolution
		SolutionGuid = {1A4E2805-79DC-4227-A6E4-FD8AFCE87D0C}
	EndGlobalSection
EndGlobal
